{
  "name": "core",
  "lockfileVersion": 3,
  "requires": true,
  "packages": {
    "": {
      "dependencies": {
        "@massicloud/client": "^0.4.0"
      }
    },
    "node_modules/@massicloud/client": {
      "version": "0.4.0",
      "resolved": "https://registry.npmjs.org/@massicloud/client/-/client-0.4.0.tgz",
      "integrity": "sha512-vFk9k3DJxlri7DghmC/NjH+zkgPDm1g0oDghec2QryvI/8q55auf9oIE2WQweDtnHRBPQVxxCXV43sZBegfh9A==",
      "license": "MIT",
      "engines": {
        "node": ">=18"
      }
    }
  }
}
